
Microsoft Visual Studio Solution File, Format Version 12.00
# Visual Studio 15
VisualStudioVersion = 15.0.27428.2043
MinimumVisualStudioVersion = 10.0.40219.1
Project("{FAE04EC0-301F-11D3-BF4B-00C04F79EFBC}") = "GestionVehiculos.Domain", "GestionVehiculos.Domain\GestionVehiculos.Domain.csproj", "{9BBB298D-8C28-4035-B9A9-2BAA4EE63C6A}"
EndProject
Project("{FAE04EC0-301F-11D3-BF4B-00C04F79EFBC}") = "GestionVehiculos.WebUI", "GestionVehiculos.WebUI\GestionVehiculos.WebUI.csproj", "{3B51EA2D-334F-4094-A16F-493D700DABB7}"
EndProject
Global
	GlobalSection(SolutionConfigurationPlatforms) = preSolution
		Debug|Any CPU = Debug|Any CPU
		Release|Any CPU = Release|Any CPU
	EndGlobalSection
	GlobalSection(ProjectConfigurationPlatforms) = postSolution
		{9BBB298D-8C28-4035-B9A9-2BAA4EE63C6A}.Debug|Any CPU.ActiveCfg = Debug|Any CPU
		{9BBB298D-8C28-4035-B9A9-2BAA4EE63C6A}.Debug|Any CPU.Build.0 = Debug|Any CPU
		{9BBB298D-8C28-4035-B9A9-2BAA4EE63C6A}.Release|Any CPU.ActiveCfg = Release|Any CPU
		{9BBB298D-8C28-4035-B9A9-2BAA4EE63C6A}.Release|Any CPU.Build.0 = Release|Any CPU
		{3B51EA2D-334F-4094-A16F-493D700DABB7}.Debug|Any CPU.ActiveCfg = Debug|Any CPU
		{3B51EA2D-334F-4094-A16F-493D700DABB7}.Debug|Any CPU.Build.0 = Debug|Any CPU
		{3B51EA2D-334F-4094-A16F-493D700DABB7}.Release|Any CPU.ActiveCfg = Release|Any CPU
		{3B51EA2D-334F-4094-A16F-493D700DABB7}.Release|Any CPU.Build.0 = Release|Any CPU
	EndGlobalSection
	GlobalSection(SolutionProperties) = preSolution
		HideSolutionNode = FALSE
	EndGlobalSection
	GlobalSection(ExtensibilityGlobals) = postSolution
		SolutionGuid = {FE0E86E8-F758-47E1-8C57-127D67D16D36}
	EndGlobalSection
EndGlobal
